
Microsoft Visual Studio Solution File, Format Version 12.00
# Visual Studio 14
VisualStudioVersion = 14.0.25420.1
MinimumVisualStudioVersion = 10.0.40219.1
Project("{FAE04EC0-301F-11D3-BF4B-00C04F79EFBC}") = "1stone", "1stone\1stone.csproj", "{711115AD-4BDE-4219-9BAB-DC970CEAF314}"
EndProject
Project("{FAE04EC0-301F-11D3-BF4B-00C04F79EFBC}") = "2ndone", "2ndone\2ndone.csproj", "{2D726D96-BB2B-49BA-8B83-231EE149DD72}"
EndProject
Project("{FAE04EC0-301F-11D3-BF4B-00C04F79EFBC}") = "ConsoleApplication1", "ConsoleApplication1\ConsoleApplication1.csproj", "{C7D66228-78C7-4D3F-954F-745A10ED15E2}"
EndProject
Global
	GlobalSection(SolutionConfigurationPlatforms) = preSolution
		Debug|Any CPU = Debug|Any CPU
		Release|Any CPU = Release|Any CPU
	EndGlobalSection
	GlobalSection(ProjectConfigurationPlatforms) = postSolution
		{711115AD-4BDE-4219-9BAB-DC970CEAF314}.Debug|Any CPU.ActiveCfg = Debug|Any CPU
		{711115AD-4BDE-4219-9BAB-DC970CEAF314}.Debug|Any CPU.Build.0 = Debug|Any CPU
		{711115AD-4BDE-4219-9BAB-DC970CEAF314}.Release|Any CPU.ActiveCfg = Release|Any CPU
		{711115AD-4BDE-4219-9BAB-DC970CEAF314}.Release|Any CPU.Build.0 = Release|Any CPU
		{2D726D96-BB2B-49BA-8B83-231EE149DD72}.Debug|Any CPU.ActiveCfg = Debug|Any CPU
		{2D726D96-BB2B-49BA-8B83-231EE149DD72}.Debug|Any CPU.Build.0 = Debug|Any CPU
		{2D726D96-BB2B-49BA-8B83-231EE149DD72}.Release|Any CPU.ActiveCfg = Release|Any CPU
		{2D726D96-BB2B-49BA-8B83-231EE149DD72}.Release|Any CPU.Build.0 = Release|Any CPU
		{C7D66228-78C7-4D3F-954F-745A10ED15E2}.Debug|Any CPU.ActiveCfg = Debug|Any CPU
		{C7D66228-78C7-4D3F-954F-745A10ED15E2}.Debug|Any CPU.Build.0 = Debug|Any CPU
		{C7D66228-78C7-4D3F-954F-745A10ED15E2}.Release|Any CPU.ActiveCfg = Release|Any CPU
		{C7D66228-78C7-4D3F-954F-745A10ED15E2}.Release|Any CPU.Build.0 = Release|Any CPU
	EndGlobalSection
	GlobalSection(SolutionProperties) = preSolution
		HideSolutionNode = FALSE
	EndGlobalSection
EndGlobal
